// !$*UTF8*$!
{
	archiveVersion = 1;
	classes = {
	};
	objectVersion = 51;
	objects = {

/* Begin PBXBuildFile section */
		4A4A7C0E6B20792EBF05DC9A /* Pods_RxSwiftPlayground.framework in Frameworks */ = {isa = PBXBuildFile; fileRef = 243CE63A1C6F28E30CB81CF2 /* Pods_RxSwiftPlayground.framework */; };
		53D5E9FBA1E2508EC541CD0C /* Pods_RxSwiftPlaygroundTests.framework in Frameworks */ = {isa = PBXBuildFile; fileRef = 1CCFA47189E7D4620AC6BC63 /* Pods_RxSwiftPlaygroundTests.framework */; };
		96826EFB2498DBB100F3DAAC /* AppDelegate.swift in Sources */ = {isa = PBXBuildFile; fileRef = 96826EFA2498DBB100F3DAAC /* AppDelegate.swift */; };
		96826EFE2498DBB100F3DAAC /* RxSwiftPlayground.xcdatamodeld in Sources */ = {isa = PBXBuildFile; fileRef = 96826EFC2498DBB100F3DAAC /* RxSwiftPlayground.xcdatamodeld */; };
		96826F002498DBB100F3DAAC /* SceneDelegate.swift in Sources */ = {isa = PBXBuildFile; fileRef = 96826EFF2498DBB100F3DAAC /* SceneDelegate.swift */; };
		96826F022498DBB100F3DAAC /* Event.swift in Sources */ = {isa = PBXBuildFile; fileRef = 96826F012498DBB100F3DAAC /* Event.swift */; };
		96826F042498DBB100F3DAAC /* ContentView.swift in Sources */ = {isa = PBXBuildFile; fileRef = 96826F032498DBB100F3DAAC /* ContentView.swift */; };
		96826F062498DBB500F3DAAC /* Assets.xcassets in Resources */ = {isa = PBXBuildFile; fileRef = 96826F052498DBB500F3DAAC /* Assets.xcassets */; };
		96826F092498DBB500F3DAAC /* Preview Assets.xcassets in Resources */ = {isa = PBXBuildFile; fileRef = 96826F082498DBB500F3DAAC /* Preview Assets.xcassets */; };
		96826F0C2498DBB500F3DAAC /* LaunchScreen.storyboard in Resources */ = {isa = PBXBuildFile; fileRef = 96826F0A2498DBB500F3DAAC /* LaunchScreen.storyboard */; };
		96826F172498DBB500F3DAAC /* RxSwiftPlaygroundTests.swift in Sources */ = {isa = PBXBuildFile; fileRef = 96826F162498DBB500F3DAAC /* RxSwiftPlaygroundTests.swift */; };
		96826F222498DBB500F3DAAC /* RxSwiftPlaygroundUITests.swift in Sources */ = {isa = PBXBuildFile; fileRef = 96826F212498DBB500F3DAAC /* RxSwiftPlaygroundUITests.swift */; };
		96826F302498DE9D00F3DAAC /* MemRxSwiftTest.swift in Sources */ = {isa = PBXBuildFile; fileRef = 96826F2F2498DE9D00F3DAAC /* MemRxSwiftTest.swift */; };
		96826F322498FB4900F3DAAC /* DeinitTest.swift in Sources */ = {isa = PBXBuildFile; fileRef = 96826F312498FB4900F3DAAC /* DeinitTest.swift */; };
/* End PBXBuildFile section */

/* Begin PBXContainerItemProxy section */
		96826F132498DBB500F3DAAC /* PBXContainerItemProxy */ = {
			isa = PBXContainerItemProxy;
			containerPortal = 96826EEF2498DBB100F3DAAC /* Project object */;
			proxyType = 1;
			remoteGlobalIDString = 96826EF62498DBB100F3DAAC;
			remoteInfo = RxSwiftPlayground;
		};
		96826F1E2498DBB500F3DAAC /* PBXContainerItemProxy */ = {
			isa = PBXContainerItemProxy;
			containerPortal = 96826EEF2498DBB100F3DAAC /* Project object */;
			proxyType = 1;
			remoteGlobalIDString = 96826EF62498DBB100F3DAAC;
			remoteInfo = RxSwiftPlayground;
		};
/* End PBXContainerItemProxy section */

/* Begin PBXFileReference section */
		0AE766AD293640939E9A5AAF /* Pods-RxSwiftPlayground.release.xcconfig */ = {isa = PBXFileReference; includeInIndex = 1; lastKnownFileType = text.xcconfig; name = "Pods-RxSwiftPlayground.release.xcconfig"; path = "Target Support Files/Pods-RxSwiftPlayground/Pods-RxSwiftPlayground.release.xcconfig"; sourceTree = "<group>"; };
		1CCFA47189E7D4620AC6BC63 /* Pods_RxSwiftPlaygroundTests.framework */ = {isa = PBXFileReference; explicitFileType = wrapper.framework; includeInIndex = 0; path = Pods_RxSwiftPlaygroundTests.framework; sourceTree = BUILT_PRODUCTS_DIR; };
		243CE63A1C6F28E30CB81CF2 /* Pods_RxSwiftPlayground.framework */ = {isa = PBXFileReference; explicitFileType = wrapper.framework; includeInIndex = 0; path = Pods_RxSwiftPlayground.framework; sourceTree = BUILT_PRODUCTS_DIR; };
		3EBF394E9EB85FB504B7D5BA /* Pods-RxSwiftPlaygroundTests.release.xcconfig */ = {isa = PBXFileReference; includeInIndex = 1; lastKnownFileType = text.xcconfig; name = "Pods-RxSwiftPlaygroundTests.release.xcconfig"; path = "Target Support Files/Pods-RxSwiftPlaygroundTests/Pods-RxSwiftPlaygroundTests.release.xcconfig"; sourceTree = "<group>"; };
		504BDA951CA0AB08772F280F /* Pods-RxSwiftPlaygroundTests.debug.xcconfig */ = {isa = PBXFileReference; includeInIndex = 1; lastKnownFileType = text.xcconfig; name = "Pods-RxSwiftPlaygroundTests.debug.xcconfig"; path = "Target Support Files/Pods-RxSwiftPlaygroundTests/Pods-RxSwiftPlaygroundTests.debug.xcconfig"; sourceTree = "<group>"; };
		739915CC3DAA702AD210D681 /* Pods-RxSwiftPlayground.debug.xcconfig */ = {isa = PBXFileReference; includeInIndex = 1; lastKnownFileType = text.xcconfig; name = "Pods-RxSwiftPlayground.debug.xcconfig"; path = "Target Support Files/Pods-RxSwiftPlayground/Pods-RxSwiftPlayground.debug.xcconfig"; sourceTree = "<group>"; };
		96826EF72498DBB100F3DAAC /* RxSwiftPlayground.app */ = {isa = PBXFileReference; explicitFileType = wrapper.application; includeInIndex = 0; path = RxSwiftPlayground.app; sourceTree = BUILT_PRODUCTS_DIR; };
		96826EFA2498DBB100F3DAAC /* AppDelegate.swift */ = {isa = PBXFileReference; lastKnownFileType = sourcecode.swift; path = AppDelegate.swift; sourceTree = "<group>"; };
		96826EFD2498DBB100F3DAAC /* RxSwiftPlayground.xcdatamodel */ = {isa = PBXFileReference; lastKnownFileType = wrapper.xcdatamodel; path = RxSwiftPlayground.xcdatamodel; sourceTree = "<group>"; };
		96826EFF2498DBB100F3DAAC /* SceneDelegate.swift */ = {isa = PBXFileReference; lastKnownFileType = sourcecode.swift; path = SceneDelegate.swift; sourceTree = "<group>"; };
		96826F012498DBB100F3DAAC /* Event.swift */ = {isa = PBXFileReference; lastKnownFileType = sourcecode.swift; path = Event.swift; sourceTree = "<group>"; };
		96826F032498DBB100F3DAAC /* ContentView.swift */ = {isa = PBXFileReference; lastKnownFileType = sourcecode.swift; path = ContentView.swift; sourceTree = "<group>"; };
		96826F052498DBB500F3DAAC /* Assets.xcassets */ = {isa = PBXFileReference; lastKnownFileType = folder.assetcatalog; path = Assets.xcassets; sourceTree = "<group>"; };
		96826F082498DBB500F3DAAC /* Preview Assets.xcassets */ = {isa = PBXFileReference; lastKnownFileType = folder.assetcatalog; path = "Preview Assets.xcassets"; sourceTree = "<group>"; };
		96826F0B2498DBB500F3DAAC /* Base */ = {isa = PBXFileReference; lastKnownFileType = file.storyboard; name = Base; path = Base.lproj/LaunchScreen.storyboard; sourceTree = "<group>"; };
		96826F0D2498DBB500F3DAAC /* Info.plist */ = {isa = PBXFileReference; lastKnownFileType = text.plist.xml; path = Info.plist; sourceTree = "<group>"; };
		96826F122498DBB500F3DAAC /* RxSwiftPlaygroundTests.xctest */ = {isa = PBXFileReference; explicitFileType = wrapper.cfbundle; includeInIndex = 0; path = RxSwiftPlaygroundTests.xctest; sourceTree = BUILT_PRODUCTS_DIR; };
		96826F162498DBB500F3DAAC /* RxSwiftPlaygroundTests.swift */ = {isa = PBXFileReference; lastKnownFileType = sourcecode.swift; path = RxSwiftPlaygroundTests.swift; sourceTree = "<group>"; };
		96826F182498DBB500F3DAAC /* Info.plist */ = {isa = PBXFileReference; lastKnownFileType = text.plist.xml; path = Info.plist; sourceTree = "<group>"; };
		96826F1D2498DBB500F3DAAC /* RxSwiftPlaygroundUITests.xctest */ = {isa = PBXFileReference; explicitFileType = wrapper.cfbundle; includeInIndex = 0; path = RxSwiftPlaygroundUITests.xctest; sourceTree = BUILT_PRODUCTS_DIR; };
		96826F212498DBB500F3DAAC /* RxSwiftPlaygroundUITests.swift */ = {isa = PBXFileReference; lastKnownFileType = sourcecode.swift; path = RxSwiftPlaygroundUITests.swift; sourceTree = "<group>"; };
		96826F232498DBB500F3DAAC /* Info.plist */ = {isa = PBXFileReference; lastKnownFileType = text.plist.xml; path = Info.plist; sourceTree = "<group>"; };
		96826F2F2498DE9D00F3DAAC /* MemRxSwiftTest.swift */ = {isa = PBXFileReference; lastKnownFileType = sourcecode.swift; path = MemRxSwiftTest.swift; sourceTree = "<group>"; };
		96826F312498FB4900F3DAAC /* DeinitTest.swift */ = {isa = PBXFileReference; lastKnownFileType = sourcecode.swift; path = DeinitTest.swift; sourceTree = "<group>"; };
/* End PBXFileReference section */

/* Begin PBXFrameworksBuildPhase section */
		96826EF42498DBB100F3DAAC /* Frameworks */ = {
			isa = PBXFrameworksBuildPhase;
			buildActionMask = 2147483647;
			files = (
				4A4A7C0E6B20792EBF05DC9A /* Pods_RxSwiftPlayground.framework in Frameworks */,
			);
			runOnlyForDeploymentPostprocessing = 0;
		};
		96826F0F2498DBB500F3DAAC /* Frameworks */ = {
			isa = PBXFrameworksBuildPhase;
			buildActionMask = 2147483647;
			files = (
				53D5E9FBA1E2508EC541CD0C /* Pods_RxSwiftPlaygroundTests.framework in Frameworks */,
			);
			runOnlyForDeploymentPostprocessing = 0;
		};
		96826F1A2498DBB500F3DAAC /* Frameworks */ = {
			isa = PBXFrameworksBuildPhase;
			buildActionMask = 2147483647;
			files = (
			);
			runOnlyForDeploymentPostprocessing = 0;
		};
/* End PBXFrameworksBuildPhase section */

/* Begin PBXGroup section */
		828027DBB8DE447721F495B5 /* Pods */ = {
			isa = PBXGroup;
			children = (
				739915CC3DAA702AD210D681 /* Pods-RxSwiftPlayground.debug.xcconfig */,
				0AE766AD293640939E9A5AAF /* Pods-RxSwiftPlayground.release.xcconfig */,
				504BDA951CA0AB08772F280F /* Pods-RxSwiftPlaygroundTests.debug.xcconfig */,
				3EBF394E9EB85FB504B7D5BA /* Pods-RxSwiftPlaygroundTests.release.xcconfig */,
			);
			path = Pods;
			sourceTree = "<group>";
		};
		96826EEE2498DBB100F3DAAC = {
			isa = PBXGroup;
			children = (
				96826EF92498DBB100F3DAAC /* RxSwiftPlayground */,
				96826F152498DBB500F3DAAC /* RxSwiftPlaygroundTests */,
				96826F202498DBB500F3DAAC /* RxSwiftPlaygroundUITests */,
				96826EF82498DBB100F3DAAC /* Products */,
				828027DBB8DE447721F495B5 /* Pods */,
				E9BD9F53366967D3023EF81D /* Frameworks */,
			);
			sourceTree = "<group>";
		};
		96826EF82498DBB100F3DAAC /* Products */ = {
			isa = PBXGroup;
			children = (
				96826EF72498DBB100F3DAAC /* RxSwiftPlayground.app */,
				96826F122498DBB500F3DAAC /* RxSwiftPlaygroundTests.xctest */,
				96826F1D2498DBB500F3DAAC /* RxSwiftPlaygroundUITests.xctest */,
			);
			name = Products;
			sourceTree = "<group>";
		};
		96826EF92498DBB100F3DAAC /* RxSwiftPlayground */ = {
			isa = PBXGroup;
			children = (
				96826EFA2498DBB100F3DAAC /* AppDelegate.swift */,
				96826EFF2498DBB100F3DAAC /* SceneDelegate.swift */,
				96826F012498DBB100F3DAAC /* Event.swift */,
				96826F032498DBB100F3DAAC /* ContentView.swift */,
				96826F052498DBB500F3DAAC /* Assets.xcassets */,
				96826F0A2498DBB500F3DAAC /* LaunchScreen.storyboard */,
				96826F0D2498DBB500F3DAAC /* Info.plist */,
				96826EFC2498DBB100F3DAAC /* RxSwiftPlayground.xcdatamodeld */,
				96826F072498DBB500F3DAAC /* Preview Content */,
				96826F2F2498DE9D00F3DAAC /* MemRxSwiftTest.swift */,
			);
			path = RxSwiftPlayground;
			sourceTree = "<group>";
		};
		96826F072498DBB500F3DAAC /* Preview Content */ = {
			isa = PBXGroup;
			children = (
				96826F082498DBB500F3DAAC /* Preview Assets.xcassets */,
			);
			path = "Preview Content";
			sourceTree = "<group>";
		};
		96826F152498DBB500F3DAAC /* RxSwiftPlaygroundTests */ = {
			isa = PBXGroup;
			children = (
				96826F162498DBB500F3DAAC /* RxSwiftPlaygroundTests.swift */,
				96826F312498FB4900F3DAAC /* DeinitTest.swift */,
				96826F182498DBB500F3DAAC /* Info.plist */,
			);
			path = RxSwiftPlaygroundTests;
			sourceTree = "<group>";
		};
		96826F202498DBB500F3DAAC /* RxSwiftPlaygroundUITests */ = {
			isa = PBXGroup;
			children = (
				96826F212498DBB500F3DAAC /* RxSwiftPlaygroundUITests.swift */,
				96826F232498DBB500F3DAAC /* Info.plist */,
			);
			path = RxSwiftPlaygroundUITests;
			sourceTree = "<group>";
		};
		E9BD9F53366967D3023EF81D /* Frameworks */ = {
			isa = PBXGroup;
			children = (
				243CE63A1C6F28E30CB81CF2 /* Pods_RxSwiftPlayground.framework */,
				1CCFA47189E7D4620AC6BC63 /* Pods_RxSwiftPlaygroundTests.framework */,
			);
			name = Frameworks;
			sourceTree = "<group>";
		};
/* End PBXGroup section */

/* Begin PBXNativeTarget section */
		96826EF62498DBB100F3DAAC /* RxSwiftPlayground */ = {
			isa = PBXNativeTarget;
			buildConfigurationList = 96826F262498DBB500F3DAAC /* Build configuration list for PBXNativeTarget "RxSwiftPlayground" */;
			buildPhases = (
				1E076F8EBF00D6A4E77CB24B /* [CP] Check Pods Manifest.lock */,
				96826EF32498DBB100F3DAAC /* Sources */,
				96826EF42498DBB100F3DAAC /* Frameworks */,
				96826EF52498DBB100F3DAAC /* Resources */,
				4D8A0A5606825E5EDF18C1C6 /* [CP] Embed Pods Frameworks */,
			);
			buildRules = (
			);
			dependencies = (
			);
			name = RxSwiftPlayground;
			productName = RxSwiftPlayground;
			productReference = 96826EF72498DBB100F3DAAC /* RxSwiftPlayground.app */;
			productType = "com.apple.product-type.application";
		};
		96826F112498DBB500F3DAAC /* RxSwiftPlaygroundTests */ = {
			isa = PBXNativeTarget;
			buildConfigurationList = 96826F292498DBB500F3DAAC /* Build configuration list for PBXNativeTarget "RxSwiftPlaygroundTests" */;
			buildPhases = (
				5EC17E7DDED40EB2E21FE5F6 /* [CP] Check Pods Manifest.lock */,
				96826F0E2498DBB500F3DAAC /* Sources */,
				96826F0F2498DBB500F3DAAC /* Frameworks */,
				96826F102498DBB500F3DAAC /* Resources */,
				6636E8A05FA2A80529D067AB /* [CP] Embed Pods Frameworks */,
			);
			buildRules = (
			);
			dependencies = (
				96826F142498DBB500F3DAAC /* PBXTargetDependency */,
			);
			name = RxSwiftPlaygroundTests;
			productName = RxSwiftPlaygroundTests;
			productReference = 96826F122498DBB500F3DAAC /* RxSwiftPlaygroundTests.xctest */;
			productType = "com.apple.product-type.bundle.unit-test";
		};
		96826F1C2498DBB500F3DAAC /* RxSwiftPlaygroundUITests */ = {
			isa = PBXNativeTarget;
			buildConfigurationList = 96826F2C2498DBB500F3DAAC /* Build configuration list for PBXNativeTarget "RxSwiftPlaygroundUITests" */;
			buildPhases = (
				96826F192498DBB500F3DAAC /* Sources */,
				96826F1A2498DBB500F3DAAC /* Frameworks */,
				96826F1B2498DBB500F3DAAC /* Resources */,
			);
			buildRules = (
			);
			dependencies = (
				96826F1F2498DBB500F3DAAC /* PBXTargetDependency */,
			);
			name = RxSwiftPlaygroundUITests;
			productName = RxSwiftPlaygroundUITests;
			productReference = 96826F1D2498DBB500F3DAAC /* RxSwiftPlaygroundUITests.xctest */;
			productType = "com.apple.product-type.bundle.ui-testing";
		};
/* End PBXNativeTarget section */

/* Begin PBXProject section */
		96826EEF2498DBB100F3DAAC /* Project object */ = {
			isa = PBXProject;
			attributes = {
				LastSwiftUpdateCheck = 1150;
				LastUpgradeCheck = 1150;
				ORGANIZATIONNAME = "Eugene Kalinin";
				TargetAttributes = {
					96826EF62498DBB100F3DAAC = {
						CreatedOnToolsVersion = 11.5;
					};
					96826F112498DBB500F3DAAC = {
						CreatedOnToolsVersion = 11.5;
						TestTargetID = 96826EF62498DBB100F3DAAC;
					};
					96826F1C2498DBB500F3DAAC = {
						CreatedOnToolsVersion = 11.5;
						TestTargetID = 96826EF62498DBB100F3DAAC;
					};
				};
			};
			buildConfigurationList = 96826EF22498DBB100F3DAAC /* Build configuration list for PBXProject "RxSwiftPlayground" */;
			compatibilityVersion = "Xcode 9.3";
			developmentRegion = en;
			hasScannedForEncodings = 0;
			knownRegions = (
				en,
				Base,
			);
			mainGroup = 96826EEE2498DBB100F3DAAC;
			productRefGroup = 96826EF82498DBB100F3DAAC /* Products */;
			projectDirPath = "";
			projectRoot = "";
			targets = (
				96826EF62498DBB100F3DAAC /* RxSwiftPlayground */,
				96826F112498DBB500F3DAAC /* RxSwiftPlaygroundTests */,
				96826F1C2498DBB500F3DAAC /* RxSwiftPlaygroundUITests */,
			);
		};
/* End PBXProject section */

/* Begin PBXResourcesBuildPhase section */
		96826EF52498DBB100F3DAAC /* Resources */ = {
			isa = PBXResourcesBuildPhase;
			buildActionMask = 2147483647;
			files = (
				96826F0C2498DBB500F3DAAC /* LaunchScreen.storyboard in Resources */,
				96826F092498DBB500F3DAAC /* Preview Assets.xcassets in Resources */,
				96826F062498DBB500F3DAAC /* Assets.xcassets in Resources */,
			);
			runOnlyForDeploymentPostprocessing = 0;
		};
		96826F102498DBB500F3DAAC /* Resources */ = {
			isa = PBXResourcesBuildPhase;
			buildActionMask = 2147483647;
			files = (
			);
			runOnlyForDeploymentPostprocessing = 0;
		};
		96826F1B2498DBB500F3DAAC /* Resources */ = {
			isa = PBXResourcesBuildPhase;
			buildActionMask = 2147483647;
			files = (
			);
			runOnlyForDeploymentPostprocessing = 0;
		};
/* End PBXResourcesBuildPhase section */

/* Begin PBXShellScriptBuildPhase section */
		1E076F8EBF00D6A4E77CB24B /* [CP] Check Pods Manifest.lock */ = {
			isa = PBXShellScriptBuildPhase;
			buildActionMask = 2147483647;
			files = (
			);
			inputFileListPaths = (
			);
			inputPaths = (
				"${PODS_PODFILE_DIR_PATH}/Podfile.lock",
				"${PODS_ROOT}/Manifest.lock",
			);
			name = "[CP] Check Pods Manifest.lock";
			outputFileListPaths = (
			);
			outputPaths = (
				"$(DERIVED_FILE_DIR)/Pods-RxSwiftPlayground-checkManifestLockResult.txt",
			);
			runOnlyForDeploymentPostprocessing = 0;
			shellPath = /bin/sh;
			shellScript = "diff \"${PODS_PODFILE_DIR_PATH}/Podfile.lock\" \"${PODS_ROOT}/Manifest.lock\" > /dev/null\nif [ $? != 0 ] ; then\n    # print error to STDERR\n    echo \"error: The sandbox is not in sync with the Podfile.lock. Run 'pod install' or update your CocoaPods installation.\" >&2\n    exit 1\nfi\n# This output is used by Xcode 'outputs' to avoid re-running this script phase.\necho \"SUCCESS\" > \"${SCRIPT_OUTPUT_FILE_0}\"\n";
			showEnvVarsInLog = 0;
		};
		4D8A0A5606825E5EDF18C1C6 /* [CP] Embed Pods Frameworks */ = {
			isa = PBXShellScriptBuildPhase;
			buildActionMask = 2147483647;
			files = (
			);
			inputFileListPaths = (
				"${PODS_ROOT}/Target Support Files/Pods-RxSwiftPlayground/Pods-RxSwiftPlayground-frameworks-${CONFIGURATION}-input-files.xcfilelist",
			);
			name = "[CP] Embed Pods Frameworks";
			outputFileListPaths = (
				"${PODS_ROOT}/Target Support Files/Pods-RxSwiftPlayground/Pods-RxSwiftPlayground-frameworks-${CONFIGURATION}-output-files.xcfilelist",
			);
			runOnlyForDeploymentPostprocessing = 0;
			shellPath = /bin/sh;
			shellScript = "\"${PODS_ROOT}/Target Support Files/Pods-RxSwiftPlayground/Pods-RxSwiftPlayground-frameworks.sh\"\n";
			showEnvVarsInLog = 0;
		};
		5EC17E7DDED40EB2E21FE5F6 /* [CP] Check Pods Manifest.lock */ = {
			isa = PBXShellScriptBuildPhase;
			buildActionMask = 2147483647;
			files = (
			);
			inputFileListPaths = (
			);
			inputPaths = (
				"${PODS_PODFILE_DIR_PATH}/Podfile.lock",
				"${PODS_ROOT}/Manifest.lock",
			);
			name = "[CP] Check Pods Manifest.lock";
			outputFileListPaths = (
			);
			outputPaths = (
				"$(DERIVED_FILE_DIR)/Pods-RxSwiftPlaygroundTests-checkManifestLockResult.txt",
			);
			runOnlyForDeploymentPostprocessing = 0;
			shellPath = /bin/sh;
			shellScript = "diff \"${PODS_PODFILE_DIR_PATH}/Podfile.lock\" \"${PODS_ROOT}/Manifest.lock\" > /dev/null\nif [ $? != 0 ] ; then\n    # print error to STDERR\n    echo \"error: The sandbox is not in sync with the Podfile.lock. Run 'pod install' or update your CocoaPods installation.\" >&2\n    exit 1\nfi\n# This output is used by Xcode 'outputs' to avoid re-running this script phase.\necho \"SUCCESS\" > \"${SCRIPT_OUTPUT_FILE_0}\"\n";
			showEnvVarsInLog = 0;
		};
		6636E8A05FA2A80529D067AB /* [CP] Embed Pods Frameworks */ = {
			isa = PBXShellScriptBuildPhase;
			buildActionMask = 2147483647;
			files = (
			);
			inputFileListPaths = (
				"${PODS_ROOT}/Target Support Files/Pods-RxSwiftPlaygroundTests/Pods-RxSwiftPlaygroundTests-frameworks-${CONFIGURATION}-input-files.xcfilelist",
			);
			name = "[CP] Embed Pods Frameworks";
			outputFileListPaths = (
				"${PODS_ROOT}/Target Support Files/Pods-RxSwiftPlaygroundTests/Pods-RxSwiftPlaygroundTests-frameworks-${CONFIGURATION}-output-files.xcfilelist",
			);
			runOnlyForDeploymentPostprocessing = 0;
			shellPath = /bin/sh;
			shellScript = "\"${PODS_ROOT}/Target Support Files/Pods-RxSwiftPlaygroundTests/Pods-RxSwiftPlaygroundTests-frameworks.sh\"\n";
			showEnvVarsInLog = 0;
		};
/* End PBXShellScriptBuildPhase section */

/* Begin PBXSourcesBuildPhase section */
		96826EF32498DBB100F3DAAC /* Sources */ = {
			isa = PBXSourcesBuildPhase;
			buildActionMask = 2147483647;
			files = (
				96826F022498DBB100F3DAAC /* Event.swift in Sources */,
				96826F302498DE9D00F3DAAC /* MemRxSwiftTest.swift in Sources */,
				96826F042498DBB100F3DAAC /* ContentView.swift in Sources */,
				96826EFE2498DBB100F3DAAC /* RxSwiftPlayground.xcdatamodeld in Sources */,
				96826EFB2498DBB100F3DAAC /* AppDelegate.swift in Sources */,
				96826F002498DBB100F3DAAC /* SceneDelegate.swift in Sources */,
			);
			runOnlyForDeploymentPostprocessing = 0;
		};
		96826F0E2498DBB500F3DAAC /* Sources */ = {
			isa = PBXSourcesBuildPhase;
			buildActionMask = 2147483647;
			files = (
				96826F322498FB4900F3DAAC /* DeinitTest.swift in Sources */,
				96826F172498DBB500F3DAAC /* RxSwiftPlaygroundTests.swift in Sources */,
			);
			runOnlyForDeploymentPostprocessing = 0;
		};
		96826F192498DBB500F3DAAC /* Sources */ = {
			isa = PBXSourcesBuildPhase;
			buildActionMask = 2147483647;
			files = (
				96826F222498DBB500F3DAAC /* RxSwiftPlaygroundUITests.swift in Sources */,
			);
			runOnlyForDeploymentPostprocessing = 0;
		};
/* End PBXSourcesBuildPhase section */

/* Begin PBXTargetDependency section */
		96826F142498DBB500F3DAAC /* PBXTargetDependency */ = {
			isa = PBXTargetDependency;
			target = 96826EF62498DBB100F3DAAC /* RxSwiftPlayground */;
			targetProxy = 96826F132498DBB500F3DAAC /* PBXContainerItemProxy */;
		};
		96826F1F2498DBB500F3DAAC /* PBXTargetDependency */ = {
			isa = PBXTargetDependency;
			target = 96826EF62498DBB100F3DAAC /* RxSwiftPlayground */;
			targetProxy = 96826F1E2498DBB500F3DAAC /* PBXContainerItemProxy */;
		};
/* End PBXTargetDependency section */

/* Begin PBXVariantGroup section */
		96826F0A2498DBB500F3DAAC /* LaunchScreen.storyboard */ = {
			isa = PBXVariantGroup;
			children = (
				96826F0B2498DBB500F3DAAC /* Base */,
			);
			name = LaunchScreen.storyboard;
			sourceTree = "<group>";
		};
/* End PBXVariantGroup section */

/* Begin XCBuildConfiguration section */
		96826F242498DBB500F3DAAC /* Debug */ = {
			isa = XCBuildConfiguration;
			buildSettings = {
				ALWAYS_SEARCH_USER_PATHS = NO;
				CLANG_ANALYZER_NONNULL = YES;
				CLANG_ANALYZER_NUMBER_OBJECT_CONVERSION = YES_AGGRESSIVE;
				CLANG_CXX_LANGUAGE_STANDARD = "gnu++14";
				CLANG_CXX_LIBRARY = "libc++";
				CLANG_ENABLE_MODULES = YES;
				CLANG_ENABLE_OBJC_ARC = YES;
				CLANG_ENABLE_OBJC_WEAK = YES;
				CLANG_WARN_BLOCK_CAPTURE_AUTORELEASING = YES;
				CLANG_WARN_BOOL_CONVERSION = YES;
				CLANG_WARN_COMMA = YES;
				CLANG_WARN_CONSTANT_CONVERSION = YES;
				CLANG_WARN_DEPRECATED_OBJC_IMPLEMENTATIONS = YES;
				CLANG_WARN_DIRECT_OBJC_ISA_USAGE = YES_ERROR;
				CLANG_WARN_DOCUMENTATION_COMMENTS = YES;
				CLANG_WARN_EMPTY_BODY = YES;
				CLANG_WARN_ENUM_CONVERSION = YES;
				CLANG_WARN_INFINITE_RECURSION = YES;
				CLANG_WARN_INT_CONVERSION = YES;
				CLANG_WARN_NON_LITERAL_NULL_CONVERSION = YES;
				CLANG_WARN_OBJC_IMPLICIT_RETAIN_SELF = YES;
				CLANG_WARN_OBJC_LITERAL_CONVERSION = YES;
				CLANG_WARN_OBJC_ROOT_CLASS = YES_ERROR;
				CLANG_WARN_RANGE_LOOP_ANALYSIS = YES;
				CLANG_WARN_STRICT_PROTOTYPES = YES;
				CLANG_WARN_SUSPICIOUS_MOVE = YES;
				CLANG_WARN_UNGUARDED_AVAILABILITY = YES_AGGRESSIVE;
				CLANG_WARN_UNREACHABLE_CODE = YES;
				CLANG_WARN__DUPLICATE_METHOD_MATCH = YES;
				COPY_PHASE_STRIP = NO;
				DEBUG_INFORMATION_FORMAT = dwarf;
				ENABLE_STRICT_OBJC_MSGSEND = YES;
				ENABLE_TESTABILITY = YES;
				GCC_C_LANGUAGE_STANDARD = gnu11;
				GCC_DYNAMIC_NO_PIC = NO;
				GCC_NO_COMMON_BLOCKS = YES;
				GCC_OPTIMIZATION_LEVEL = 0;
				GCC_PREPROCESSOR_DEFINITIONS = (
					"DEBUG=1",
					"$(inherited)",
				);
				GCC_WARN_64_TO_32_BIT_CONVERSION = YES;
				GCC_WARN_ABOUT_RETURN_TYPE = YES_ERROR;
				GCC_WARN_UNDECLARED_SELECTOR = YES;
				GCC_WARN_UNINITIALIZED_AUTOS = YES_AGGRESSIVE;
				GCC_WARN_UNUSED_FUNCTION = YES;
				GCC_WARN_UNUSED_VARIABLE = YES;
				IPHONEOS_DEPLOYMENT_TARGET = 13.5;
				MTL_ENABLE_DEBUG_INFO = INCLUDE_SOURCE;
				MTL_FAST_MATH = YES;
				ONLY_ACTIVE_ARCH = YES;
				SDKROOT = iphoneos;
				SWIFT_ACTIVE_COMPILATION_CONDITIONS = DEBUG;
				SWIFT_OPTIMIZATION_LEVEL = "-Onone";
			};
			name = Debug;
		};
		96826F252498DBB500F3DAAC /* Release */ = {
			isa = XCBuildConfiguration;
			buildSettings = {
				ALWAYS_SEARCH_USER_PATHS = NO;
				CLANG_ANALYZER_NONNULL = YES;
				CLANG_ANALYZER_NUMBER_OBJECT_CONVERSION = YES_AGGRESSIVE;
				CLANG_CXX_LANGUAGE_STANDARD = "gnu++14";
				CLANG_CXX_LIBRARY = "libc++";
				CLANG_ENABLE_MODULES = YES;
				CLANG_ENABLE_OBJC_ARC = YES;
				CLANG_ENABLE_OBJC_WEAK = YES;
				CLANG_WARN_BLOCK_CAPTURE_AUTORELEASING = YES;
				CLANG_WARN_BOOL_CONVERSION = YES;
				CLANG_WARN_COMMA = YES;
				CLANG_WARN_CONSTANT_CONVERSION = YES;
				CLANG_WARN_DEPRECATED_OBJC_IMPLEMENTATIONS = YES;
				CLANG_WARN_DIRECT_OBJC_ISA_USAGE = YES_ERROR;
				CLANG_WARN_DOCUMENTATION_COMMENTS = YES;
				CLANG_WARN_EMPTY_BODY = YES;
				CLANG_WARN_ENUM_CONVERSION = YES;
				CLANG_WARN_INFINITE_RECURSION = YES;
				CLANG_WARN_INT_CONVERSION = YES;
				CLANG_WARN_NON_LITERAL_NULL_CONVERSION = YES;
				CLANG_WARN_OBJC_IMPLICIT_RETAIN_SELF = YES;
				CLANG_WARN_OBJC_LITERAL_CONVERSION = YES;
				CLANG_WARN_OBJC_ROOT_CLASS = YES_ERROR;
				CLANG_WARN_RANGE_LOOP_ANALYSIS = YES;
				CLANG_WARN_STRICT_PROTOTYPES = YES;
				CLANG_WARN_SUSPICIOUS_MOVE = YES;
				CLANG_WARN_UNGUARDED_AVAILABILITY = YES_AGGRESSIVE;
				CLANG_WARN_UNREACHABLE_CODE = YES;
				CLANG_WARN__DUPLICATE_METHOD_MATCH = YES;
				COPY_PHASE_STRIP = NO;
				DEBUG_INFORMATION_FORMAT = "dwarf-with-dsym";
				ENABLE_NS_ASSERTIONS = NO;
				ENABLE_STRICT_OBJC_MSGSEND = YES;
				GCC_C_LANGUAGE_STANDARD = gnu11;
				GCC_NO_COMMON_BLOCKS = YES;
				GCC_WARN_64_TO_32_BIT_CONVERSION = YES;
				GCC_WARN_ABOUT_RETURN_TYPE = YES_ERROR;
				GCC_WARN_UNDECLARED_SELECTOR = YES;
				GCC_WARN_UNINITIALIZED_AUTOS = YES_AGGRESSIVE;
				GCC_WARN_UNUSED_FUNCTION = YES;
				GCC_WARN_UNUSED_VARIABLE = YES;
				IPHONEOS_DEPLOYMENT_TARGET = 13.5;
				MTL_ENABLE_DEBUG_INFO = NO;
				MTL_FAST_MATH = YES;
				SDKROOT = iphoneos;
				SWIFT_COMPILATION_MODE = wholemodule;
				SWIFT_OPTIMIZATION_LEVEL = "-O";
				VALIDATE_PRODUCT = YES;
			};
			name = Release;
		};
		96826F272498DBB500F3DAAC /* Debug */ = {
			isa = XCBuildConfiguration;
			baseConfigurationReference = 739915CC3DAA702AD210D681 /* Pods-RxSwiftPlayground.debug.xcconfig */;
			buildSettings = {
				ASSETCATALOG_COMPILER_APPICON_NAME = AppIcon;
				CODE_SIGN_STYLE = Automatic;
				DEVELOPMENT_ASSET_PATHS = "\"RxSwiftPlayground/Preview Content\"";
				DEVELOPMENT_TEAM = AA3S5JC7G2;
				ENABLE_PREVIEWS = YES;
				INFOPLIST_FILE = RxSwiftPlayground/Info.plist;
				LD_RUNPATH_SEARCH_PATHS = (
					"$(inherited)",
					"@executable_path/Frameworks",
				);
				PRODUCT_BUNDLE_IDENTIFIER = org.samples.demo.RxSwiftPlayground;
				PRODUCT_NAME = "$(TARGET_NAME)";
				SWIFT_VERSION = 5.0;
				TARGETED_DEVICE_FAMILY = "1,2";
			};
			name = Debug;
		};
		96826F282498DBB500F3DAAC /* Release */ = {
			isa = XCBuildConfiguration;
			baseConfigurationReference = 0AE766AD293640939E9A5AAF /* Pods-RxSwiftPlayground.release.xcconfig */;
			buildSettings = {
				ASSETCATALOG_COMPILER_APPICON_NAME = AppIcon;
				CODE_SIGN_STYLE = Automatic;
				DEVELOPMENT_ASSET_PATHS = "\"RxSwiftPlayground/Preview Content\"";
				DEVELOPMENT_TEAM = AA3S5JC7G2;
				ENABLE_PREVIEWS = YES;
				INFOPLIST_FILE = RxSwiftPlayground/Info.plist;
				LD_RUNPATH_SEARCH_PATHS = (
					"$(inherited)",
					"@executable_path/Frameworks",
				);
				PRODUCT_BUNDLE_IDENTIFIER = org.samples.demo.RxSwiftPlayground;
				PRODUCT_NAME = "$(TARGET_NAME)";
				SWIFT_VERSION = 5.0;
				TARGETED_DEVICE_FAMILY = "1,2";
			};
			name = Release;
		};
		96826F2A2498DBB500F3DAAC /* Debug */ = {
			isa = XCBuildConfiguration;
			baseConfigurationReference = 504BDA951CA0AB08772F280F /* Pods-RxSwiftPlaygroundTests.debug.xcconfig */;
			buildSettings = {
				ALWAYS_EMBED_SWIFT_STANDARD_LIBRARIES = YES;
				BUNDLE_LOADER = "$(TEST_HOST)";
				CODE_SIGN_STYLE = Automatic;
				DEVELOPMENT_TEAM = AA3S5JC7G2;
				INFOPLIST_FILE = RxSwiftPlaygroundTests/Info.plist;
				IPHONEOS_DEPLOYMENT_TARGET = 13.5;
				LD_RUNPATH_SEARCH_PATHS = (
					"$(inherited)",
					"@executable_path/Frameworks",
					"@loader_path/Frameworks",
				);
				PRODUCT_BUNDLE_IDENTIFIER = org.samples.demo.RxSwiftPlaygroundTests;
				PRODUCT_NAME = "$(TARGET_NAME)";
				SWIFT_VERSION = 5.0;
				TARGETED_DEVICE_FAMILY = "1,2";
				TEST_HOST = "$(BUILT_PRODUCTS_DIR)/RxSwiftPlayground.app/RxSwiftPlayground";
			};
			name = Debug;
		};
		96826F2B2498DBB500F3DAAC /* Release */ = {
			isa = XCBuildConfiguration;
			baseConfigurationReference = 3EBF394E9EB85FB504B7D5BA /* Pods-RxSwiftPlaygroundTests.release.xcconfig */;
			buildSettings = {
				ALWAYS_EMBED_SWIFT_STANDARD_LIBRARIES = YES;
				BUNDLE_LOADER = "$(TEST_HOST)";
				CODE_SIGN_STYLE = Automatic;
				DEVELOPMENT_TEAM = AA3S5JC7G2;
				INFOPLIST_FILE = RxSwiftPlaygroundTests/Info.plist;
				IPHONEOS_DEPLOYMENT_TARGET = 13.5;
				LD_RUNPATH_SEARCH_PATHS = (
					"$(inherited)",
					"@executable_path/Frameworks",
					"@loader_path/Frameworks",
				);
				PRODUCT_BUNDLE_IDENTIFIER = org.samples.demo.RxSwiftPlaygroundTests;
				PRODUCT_NAME = "$(TARGET_NAME)";
				SWIFT_VERSION = 5.0;
				TARGETED_DEVICE_FAMILY = "1,2";
				TEST_HOST = "$(BUILT_PRODUCTS_DIR)/RxSwiftPlayground.app/RxSwiftPlayground";
			};
			name = Release;
		};
		96826F2D2498DBB500F3DAAC /* Debug */ = {
			isa = XCBuildConfiguration;
			buildSettings = {
				ALWAYS_EMBED_SWIFT_STANDARD_LIBRARIES = YES;
				CODE_SIGN_STYLE = Automatic;
				DEVELOPMENT_TEAM = AA3S5JC7G2;
				INFOPLIST_FILE = RxSwiftPlaygroundUITests/Info.plist;
				LD_RUNPATH_SEARCH_PATHS = (
					"$(inherited)",
					"@executable_path/Frameworks",
					"@loader_path/Frameworks",
				);
				PRODUCT_BUNDLE_IDENTIFIER = org.samples.demo.RxSwiftPlaygroundUITests;
				PRODUCT_NAME = "$(TARGET_NAME)";
				SWIFT_VERSION = 5.0;
				TARGETED_DEVICE_FAMILY = "1,2";
				TEST_TARGET_NAME = RxSwiftPlayground;
			};
			name = Debug;
		};
		96826F2E2498DBB500F3DAAC /* Release */ = {
			isa = XCBuildConfiguration;
			buildSettings = {
				ALWAYS_EMBED_SWIFT_STANDARD_LIBRARIES = YES;
				CODE_SIGN_STYLE = Automatic;
				DEVELOPMENT_TEAM = AA3S5JC7G2;
				INFOPLIST_FILE = RxSwiftPlaygroundUITests/Info.plist;
				LD_RUNPATH_SEARCH_PATHS = (
					"$(inherited)",
					"@executable_path/Frameworks",
					"@loader_path/Frameworks",
				);
				PRODUCT_BUNDLE_IDENTIFIER = org.samples.demo.RxSwiftPlaygroundUITests;
				PRODUCT_NAME = "$(TARGET_NAME)";
				SWIFT_VERSION = 5.0;
				TARGETED_DEVICE_FAMILY = "1,2";
				TEST_TARGET_NAME = RxSwiftPlayground;
			};
			name = Release;
		};
/* End XCBuildConfiguration section */

/* Begin XCConfigurationList section */
		96826EF22498DBB100F3DAAC /* Build configuration list for PBXProject "RxSwiftPlayground" */ = {
			isa = XCConfigurationList;
			buildConfigurations = (
				96826F242498DBB500F3DAAC /* Debug */,
				96826F252498DBB500F3DAAC /* Release */,
			);
			defaultConfigurationIsVisible = 0;
			defaultConfigurationName = Release;
		};
		96826F262498DBB500F3DAAC /* Build configuration list for PBXNativeTarget "RxSwiftPlayground" */ = {
			isa = XCConfigurationList;
			buildConfigurations = (
				96826F272498DBB500F3DAAC /* Debug */,
				96826F282498DBB500F3DAAC /* Release */,
			);
			defaultConfigurationIsVisible = 0;
			defaultConfigurationName = Release;
		};
		96826F292498DBB500F3DAAC /* Build configuration list for PBXNativeTarget "RxSwiftPlaygroundTests" */ = {
			isa = XCConfigurationList;
			buildConfigurations = (
				96826F2A2498DBB500F3DAAC /* Debug */,
				96826F2B2498DBB500F3DAAC /* Release */,
			);
			defaultConfigurationIsVisible = 0;
			defaultConfigurationName = Release;
		};
		96826F2C2498DBB500F3DAAC /* Build configuration list for PBXNativeTarget "RxSwiftPlaygroundUITests" */ = {
			isa = XCConfigurationList;
			buildConfigurations = (
				96826F2D2498DBB500F3DAAC /* Debug */,
				96826F2E2498DBB500F3DAAC /* Release */,
			);
			defaultConfigurationIsVisible = 0;
			defaultConfigurationName = Release;
		};
/* End XCConfigurationList section */

/* Begin XCVersionGroup section */
		96826EFC2498DBB100F3DAAC /* RxSwiftPlayground.xcdatamodeld */ = {
			isa = XCVersionGroup;
			children = (
				96826EFD2498DBB100F3DAAC /* RxSwiftPlayground.xcdatamodel */,
			);
			currentVersion = 96826EFD2498DBB100F3DAAC /* RxSwiftPlayground.xcdatamodel */;
			path = RxSwiftPlayground.xcdatamodeld;
			sourceTree = "<group>";
			versionGroupType = wrapper.xcdatamodel;
		};
/* End XCVersionGroup section */
	};
	rootObject = 96826EEF2498DBB100F3DAAC /* Project object */;
}
